{
  "name": "crann-test-extension",
  "version": "1.0.0",
  "lockfileVersion": 3,
  "requires": true,
  "packages": {
    "": {
      "name": "crann-test-extension",
      "version": "1.0.0",
      "dependencies": {
        "crann-fork": "^1.0.50",
        "mutative": "^1.2.0",
        "webextension-polyfill": "^0.12.0"
      },
      "devDependencies": {
        "@types/chrome": "^0.0.315",
        "@types/webextension-polyfill": "^0.12.1",
        "chokidar": "^4.0.3",
        "typescript": "^5.5.4"
      }
    },
    "node_modules/@types/chrome": {
      "version": "0.0.315",
      "dev": true,
      "license": "MIT",
      "dependencies": {
        "@types/filesystem": "*",
        "@types/har-format": "*"
      }
    },
    "node_modules/@types/filesystem": {
      "version": "0.0.36",
      "dev": true,
      "license": "MIT",
      "dependencies": {
        "@types/filewriter": "*"
      }
    },
    "node_modules/@types/filewriter": {
      "version": "0.0.33",
      "dev": true,
      "license": "MIT"
    },
    "node_modules/@types/har-format": {
      "version": "1.2.16",
      "dev": true,
      "license": "MIT"
    },
    "node_modules/@types/webextension-polyfill": {
      "version": "0.12.3",
      "dev": true,
      "license": "MIT"
    },
    "node_modules/chokidar": {
      "version": "4.0.3",
      "dev": true,
      "license": "MIT",
      "dependencies": {
        "readdirp": "^4.0.1"
      },
      "engines": {
        "node": ">= 14.16.0"
      },
      "funding": {
        "url": "https://paulmillr.com/funding/"
      }
    },
    "node_modules/crann-fork": {
      "version": "1.0.50",
      "resolved": "https://registry.npmjs.org/crann-fork/-/crann-fork-1.0.50.tgz",
      "integrity": "sha512-qUoLRbB/XTC3NinYI2zRHlN/PwNe2qcOhd75TXhtn2PAoNRUoqhEYPLFgzO2hgaVfFfdv9fA6rqU3CAOgU4ONA==",
      "license": "ISC",
      "peerDependencies": {
        "porter-source-fork": "^1.1.36",
        "react": ">=16.8.0",
        "react-dom": ">=16.8.0"
      }
    },
    "node_modules/mutative": {
      "version": "1.2.0",
      "resolved": "https://registry.npmjs.org/mutative/-/mutative-1.2.0.tgz",
      "integrity": "sha512-1muFw45Lwjso6TSBGiXfbjKS01fVSD/qaqBfTo/gXgp79e8KM4Sa1XP/S4iN2/DvSdIZgjFJI+JIhC7eKf3GTg==",
      "license": "MIT",
      "engines": {
        "node": ">=14.0"
      }
    },
    "node_modules/porter-source-fork": {
      "version": "1.1.36",
      "resolved": "https://registry.npmjs.org/porter-source-fork/-/porter-source-fork-1.1.36.tgz",
      "integrity": "sha512-UpFoleE3IkMy7Fp38jNePmdNxu2ivEU9cr3s8PPxcVdV+b1jCrTLgWXae6OuFRV15/huM8dhgoIeYAb3nFPaZw==",
      "license": "ISC",
      "peer": true,
      "dependencies": {
        "uuid": "^11.1.0"
      },
      "peerDependencies": {
        "react": ">=16.8.0",
        "webextension-polyfill": "^0.12.0"
      }
    },
    "node_modules/react": {
      "version": "19.2.3",
      "resolved": "https://registry.npmjs.org/react/-/react-19.2.3.tgz",
      "integrity": "sha512-Ku/hhYbVjOQnXDZFv2+RibmLFGwFdeeKHFcOTlrt7xplBnya5OGn/hIRDsqDiSUcfORsDC7MPxwork8jBwsIWA==",
      "license": "MIT",
      "peer": true,
      "engines": {
        "node": ">=0.10.0"
      }
    },
    "node_modules/react-dom": {
      "version": "19.2.3",
      "resolved": "https://registry.npmjs.org/react-dom/-/react-dom-19.2.3.tgz",
      "integrity": "sha512-yELu4WmLPw5Mr/lmeEpox5rw3RETacE++JgHqQzd2dg+YbJuat3jH4ingc+WPZhxaoFzdv9y33G+F7Nl5O0GBg==",
      "license": "MIT",
      "peer": true,
      "dependencies": {
        "scheduler": "^0.27.0"
      },
      "peerDependencies": {
        "react": "^19.2.3"
      }
    },
    "node_modules/readdirp": {
      "version": "4.1.2",
      "dev": true,
      "license": "MIT",
      "engines": {
        "node": ">= 14.18.0"
      },
      "funding": {
        "type": "individual",
        "url": "https://paulmillr.com/funding/"
      }
    },
    "node_modules/scheduler": {
      "version": "0.27.0",
      "resolved": "https://registry.npmjs.org/scheduler/-/scheduler-0.27.0.tgz",
      "integrity": "sha512-eNv+WrVbKu1f3vbYJT/xtiF5syA5HPIMtf9IgY/nKg0sWqzAUEvqY/xm7OcZc/qafLx/iO9FgOmeSAp4v5ti/Q==",
      "license": "MIT",
      "peer": true
    },
    "node_modules/typescript": {
      "version": "5.7.3",
      "dev": true,
      "license": "Apache-2.0",
      "bin": {
        "tsc": "bin/tsc",
        "tsserver": "bin/tsserver"
      },
      "engines": {
        "node": ">=14.17"
      }
    },
    "node_modules/uuid": {
      "version": "11.1.0",
      "resolved": "https://registry.npmjs.org/uuid/-/uuid-11.1.0.tgz",
      "integrity": "sha512-0/A9rDy9P7cJ+8w1c9WD9V//9Wj15Ce2MPz8Ri6032usz+NfePxx5AcN3bN+r6ZL6jEo066/yNYB3tn4pQEx+A==",
      "funding": [
        "https://github.com/sponsors/broofa",
        "https://github.com/sponsors/ctavan"
      ],
      "license": "MIT",
      "peer": true,
      "bin": {
        "uuid": "dist/esm/bin/uuid"
      }
    },
    "node_modules/webextension-polyfill": {
      "version": "0.12.0",
      "license": "MPL-2.0"
    }
  }
}
